
Microsoft Visual Studio Solution File, Format Version 12.00
# Visual Studio Version 17
VisualStudioVersion = 17.5.33516.290
MinimumVisualStudioVersion = 10.0.40219.1
Project("{FAE04EC0-301F-11D3-BF4B-00C04F79EFBC}") = "POO - Teoria", "POO - Teoria\POO - Teoria.csproj", "{B1F3A024-ED9B-4B81-BD08-6E48C1CB7CB5}"
EndProject
Project("{FAE04EC0-301F-11D3-BF4B-00C04F79EFBC}") = "MetodosDasClasses", "MetodosDasClasses\MetodosDasClasses.csproj", "{75304F5A-6DEF-4A3E-8FBA-6AB4BE5DCE8D}"
EndProject
Project("{FAE04EC0-301F-11D3-BF4B-00C04F79EFBC}") = "TermoThis", "TermoThis\TermoThis.csproj", "{6CDF6BB5-20DE-43B5-9E19-54A5BECB301D}"
EndProject
Project("{FAE04EC0-301F-11D3-BF4B-00C04F79EFBC}") = "TipoDELEGATE", "TipoDELEGATE\TipoDELEGATE.csproj", "{34C8AF7C-9ACF-4DB4-A43D-F623D71068E5}"
EndProject
Project("{FAE04EC0-301F-11D3-BF4B-00C04F79EFBC}") = "MetodoConstrutor", "MetodoConstrutor\MetodoConstrutor.csproj", "{07B03A84-6F2B-4E7A-82C7-DC0A18915B09}"
EndProject
Global
	GlobalSection(SolutionConfigurationPlatforms) = preSolution
		Debug|Any CPU = Debug|Any CPU
		Release|Any CPU = Release|Any CPU
	EndGlobalSection
	GlobalSection(ProjectConfigurationPlatforms) = postSolution
		{B1F3A024-ED9B-4B81-BD08-6E48C1CB7CB5}.Debug|Any CPU.ActiveCfg = Debug|Any CPU
		{B1F3A024-ED9B-4B81-BD08-6E48C1CB7CB5}.Debug|Any CPU.Build.0 = Debug|Any CPU
		{B1F3A024-ED9B-4B81-BD08-6E48C1CB7CB5}.Release|Any CPU.ActiveCfg = Release|Any CPU
		{B1F3A024-ED9B-4B81-BD08-6E48C1CB7CB5}.Release|Any CPU.Build.0 = Release|Any CPU
		{75304F5A-6DEF-4A3E-8FBA-6AB4BE5DCE8D}.Debug|Any CPU.ActiveCfg = Debug|Any CPU
		{75304F5A-6DEF-4A3E-8FBA-6AB4BE5DCE8D}.Debug|Any CPU.Build.0 = Debug|Any CPU
		{75304F5A-6DEF-4A3E-8FBA-6AB4BE5DCE8D}.Release|Any CPU.ActiveCfg = Release|Any CPU
		{75304F5A-6DEF-4A3E-8FBA-6AB4BE5DCE8D}.Release|Any CPU.Build.0 = Release|Any CPU
		{6CDF6BB5-20DE-43B5-9E19-54A5BECB301D}.Debug|Any CPU.ActiveCfg = Debug|Any CPU
		{6CDF6BB5-20DE-43B5-9E19-54A5BECB301D}.Debug|Any CPU.Build.0 = Debug|Any CPU
		{6CDF6BB5-20DE-43B5-9E19-54A5BECB301D}.Release|Any CPU.ActiveCfg = Release|Any CPU
		{6CDF6BB5-20DE-43B5-9E19-54A5BECB301D}.Release|Any CPU.Build.0 = Release|Any CPU
		{34C8AF7C-9ACF-4DB4-A43D-F623D71068E5}.Debug|Any CPU.ActiveCfg = Debug|Any CPU
		{34C8AF7C-9ACF-4DB4-A43D-F623D71068E5}.Debug|Any CPU.Build.0 = Debug|Any CPU
		{34C8AF7C-9ACF-4DB4-A43D-F623D71068E5}.Release|Any CPU.ActiveCfg = Release|Any CPU
		{34C8AF7C-9ACF-4DB4-A43D-F623D71068E5}.Release|Any CPU.Build.0 = Release|Any CPU
		{07B03A84-6F2B-4E7A-82C7-DC0A18915B09}.Debug|Any CPU.ActiveCfg = Debug|Any CPU
		{07B03A84-6F2B-4E7A-82C7-DC0A18915B09}.Debug|Any CPU.Build.0 = Debug|Any CPU
		{07B03A84-6F2B-4E7A-82C7-DC0A18915B09}.Release|Any CPU.ActiveCfg = Release|Any CPU
		{07B03A84-6F2B-4E7A-82C7-DC0A18915B09}.Release|Any CPU.Build.0 = Release|Any CPU
	EndGlobalSection
	GlobalSection(SolutionProperties) = preSolution
		HideSolutionNode = FALSE
	EndGlobalSection
	GlobalSection(ExtensibilityGlobals) = postSolution
		SolutionGuid = {897DC762-219A-405C-B64E-856757867608}
	EndGlobalSection
EndGlobal
